
Microsoft Visual Studio Solution File, Format Version 12.00
# Visual Studio 15
Project("{FAE04EC0-301F-11D3-BF4B-00C04F79EFBC}") = "Assembly-CSharp", "Assembly-CSharp.csproj", "{CEAD6E7C-0B3E-4923-B64B-3F0F68D07EBE}"
EndProject
Global
	GlobalSection(SolutionConfigurationPlatforms) = preSolution
		Debug|Any CPU = Debug|Any CPU
		Release|Any CPU = Release|Any CPU
	EndGlobalSection
	GlobalSection(ProjectConfigurationPlatforms) = postSolution
		{CEAD6E7C-0B3E-4923-B64B-3F0F68D07EBE}.Debug|Any CPU.ActiveCfg = Debug|Any CPU
		{CEAD6E7C-0B3E-4923-B64B-3F0F68D07EBE}.Debug|Any CPU.Build.0 = Debug|Any CPU
		{CEAD6E7C-0B3E-4923-B64B-3F0F68D07EBE}.Release|Any CPU.ActiveCfg = Release|Any CPU
		{CEAD6E7C-0B3E-4923-B64B-3F0F68D07EBE}.Release|Any CPU.Build.0 = Release|Any CPU
	EndGlobalSection
	GlobalSection(SolutionProperties) = preSolution
		HideSolutionNode = FALSE
	EndGlobalSection
EndGlobal
